# This file is automatically @generated by Poetry 1.5.1 and should not be changed by hand.

[[package]]
name = "emoji"
version = "2.7.0"
description = "Emoji for Python"
optional = false
python-versions = ">=2.7, !=3.0.*, !=3.1.*, !=3.2.*, !=3.3.*"
files = [
    {file = "emoji-2.7.0.tar.gz", hash = "sha256:375cc08589704266099846c553b6572ec5be591374b4d2cd1623b8343d5c9abb"},
]

[package.extras]
dev = ["coverage", "coveralls", "pytest"]

[metadata]
lock-version = "2.0"
python-versions = "^3.11"
content-hash = "cfe4740c8cd462763f5e4a7ef4634afce813f53c5af750655ec1de710b01da12"
